// !$*UTF8*$!
{
	archiveVersion = 1;
	classes = {
	};
	objectVersion = 55;
	objects = {

/* Begin PBXBuildFile section */
		0C0A07C42B03AD890036B04E /* HomeViewModelsTests.swift in Sources */ = {isa = PBXBuildFile; fileRef = 0C0A07C32B03AD890036B04E /* HomeViewModelsTests.swift */; };
		0C12A41C2B05463F005D8F3D /* SongsView.swift in Sources */ = {isa = PBXBuildFile; fileRef = 0C12A41B2B05463F005D8F3D /* SongsView.swift */; };
		0C12A41E2B05464E005D8F3D /* SongsViewModel.swift in Sources */ = {isa = PBXBuildFile; fileRef = 0C12A41D2B05464E005D8F3D /* SongsViewModel.swift */; };
		0C12A4202B0547D1005D8F3D /* Song.swift in Sources */ = {isa = PBXBuildFile; fileRef = 0C12A41F2B0547D1005D8F3D /* Song.swift */; };
		0C12A4232B05494A005D8F3D /* SelectPedalView.swift in Sources */ = {isa = PBXBuildFile; fileRef = 0C12A4222B05494A005D8F3D /* SelectPedalView.swift */; };
		0C12A4252B054ABD005D8F3D /* CreateSongView.swift in Sources */ = {isa = PBXBuildFile; fileRef = 0C12A4242B054ABD005D8F3D /* CreateSongView.swift */; };
		0C12A4272B05522A005D8F3D /* Song+Populate.swift in Sources */ = {isa = PBXBuildFile; fileRef = 0C12A4262B05522A005D8F3D /* Song+Populate.swift */; };
		0C12A42A2B056B12005D8F3D /* SongRow.swift in Sources */ = {isa = PBXBuildFile; fileRef = 0C12A4292B056B12005D8F3D /* SongRow.swift */; };
		0C12A42C2B056D9B005D8F3D /* AddSongDelegate.swift in Sources */ = {isa = PBXBuildFile; fileRef = 0C12A42B2B056D9B005D8F3D /* AddSongDelegate.swift */; };
		0C12A42E2B056DF3005D8F3D /* AddSongError.swift in Sources */ = {isa = PBXBuildFile; fileRef = 0C12A42D2B056DF3005D8F3D /* AddSongError.swift */; };
		0C12A4302B059A19005D8F3D /* CreateSongViewModel.swift in Sources */ = {isa = PBXBuildFile; fileRef = 0C12A42F2B059A19005D8F3D /* CreateSongViewModel.swift */; };
		0C12A4322B05A101005D8F3D /* SongDetailView.swift in Sources */ = {isa = PBXBuildFile; fileRef = 0C12A4312B05A101005D8F3D /* SongDetailView.swift */; };
		0C28FF312AE05B3A00994E12 /* Pedal+Populate.swift in Sources */ = {isa = PBXBuildFile; fileRef = 0C28FF302AE05B3A00994E12 /* Pedal+Populate.swift */; };
		0C28FF332AE05D8500994E12 /* CreatePedalViewModel.swift in Sources */ = {isa = PBXBuildFile; fileRef = 0C28FF322AE05D8500994E12 /* CreatePedalViewModel.swift */; };
		0C3293B82ACB5F0F00A9BC34 /* Knob.swift in Sources */ = {isa = PBXBuildFile; fileRef = 0C3293B72ACB5F0F00A9BC34 /* Knob.swift */; };
		0C3293B92ACB607100A9BC34 /* CreatePedalView.swift in Sources */ = {isa = PBXBuildFile; fileRef = 0C3293B52ACB5E2A00A9BC34 /* CreatePedalView.swift */; };
		0C48B1712ACBB11A00E52627 /* CreatePedalDelegate.swift in Sources */ = {isa = PBXBuildFile; fileRef = 0C48B1702ACBB11A00E52627 /* CreatePedalDelegate.swift */; };
		0C48B1742ACBB14400E52627 /* AddPedalError.swift in Sources */ = {isa = PBXBuildFile; fileRef = 0C48B1732ACBB14400E52627 /* AddPedalError.swift */; };
		0C48B1762ACBB27500E52627 /* PedalRow.swift in Sources */ = {isa = PBXBuildFile; fileRef = 0C48B1752ACBB27500E52627 /* PedalRow.swift */; };
		0C48B1782ACBB5FF00E52627 /* KnobView.swift in Sources */ = {isa = PBXBuildFile; fileRef = 0C48B1772ACBB5FF00E52627 /* KnobView.swift */; };
		0C9089FE2B03FD6400458814 /* CreatePedalViewModelTests.swift in Sources */ = {isa = PBXBuildFile; fileRef = 0C9089FD2B03FD6400458814 /* CreatePedalViewModelTests.swift */; };
		0C908A012B03FE6600458814 /* CreatePedalDelegateMock.swift in Sources */ = {isa = PBXBuildFile; fileRef = 0C908A002B03FE6600458814 /* CreatePedalDelegateMock.swift */; };
		0CACD5212B063B520084BCB2 /* SongsViewModelTests.swift in Sources */ = {isa = PBXBuildFile; fileRef = 0CACD5202B063B520084BCB2 /* SongsViewModelTests.swift */; };
		0CACD5232B064E140084BCB2 /* CreateSongViewModelTests.swift in Sources */ = {isa = PBXBuildFile; fileRef = 0CACD5222B064E140084BCB2 /* CreateSongViewModelTests.swift */; };
		0CACD5252B064ECB0084BCB2 /* AddsongDelegateMock.swift in Sources */ = {isa = PBXBuildFile; fileRef = 0CACD5242B064ECB0084BCB2 /* AddsongDelegateMock.swift */; };
		56156D4D2A9581C7000DF906 /* PedalBoardApp.swift in Sources */ = {isa = PBXBuildFile; fileRef = 56156D4C2A9581C7000DF906 /* PedalBoardApp.swift */; };
		56156D512A9581CB000DF906 /* Assets.xcassets in Resources */ = {isa = PBXBuildFile; fileRef = 56156D502A9581CB000DF906 /* Assets.xcassets */; };
		56156D542A9581CB000DF906 /* Preview Assets.xcassets in Resources */ = {isa = PBXBuildFile; fileRef = 56156D532A9581CB000DF906 /* Preview Assets.xcassets */; };
		56827F2C2A95869D0043277A /* PedalCore.docc in Sources */ = {isa = PBXBuildFile; fileRef = 56827F2B2A95869D0043277A /* PedalCore.docc */; };
		56827F322A95869D0043277A /* PedalCore.framework in Frameworks */ = {isa = PBXBuildFile; fileRef = 56827F282A95869D0043277A /* PedalCore.framework */; };
		56827F392A95869D0043277A /* PedalCoreTests.swift in Sources */ = {isa = PBXBuildFile; fileRef = 56827F382A95869D0043277A /* PedalCoreTests.swift */; };
		56827F3A2A95869D0043277A /* PedalCore.h in Headers */ = {isa = PBXBuildFile; fileRef = 56827F2A2A95869D0043277A /* PedalCore.h */; settings = {ATTRIBUTES = (Public, ); }; };
		56827F3D2A95869D0043277A /* PedalCore.framework in Frameworks */ = {isa = PBXBuildFile; fileRef = 56827F282A95869D0043277A /* PedalCore.framework */; };
		56827F3E2A95869D0043277A /* PedalCore.framework in Embed Frameworks */ = {isa = PBXBuildFile; fileRef = 56827F282A95869D0043277A /* PedalCore.framework */; settings = {ATTRIBUTES = (CodeSignOnCopy, RemoveHeadersOnCopy, ); }; };
		56827F472A9588350043277A /* HomeView.swift in Sources */ = {isa = PBXBuildFile; fileRef = 56827F462A9588350043277A /* HomeView.swift */; };
		56827F4B2A9597FA0043277A /* HomeViewModel.swift in Sources */ = {isa = PBXBuildFile; fileRef = 56827F4A2A9597FA0043277A /* HomeViewModel.swift */; };
		56827F4E2A959DBB0043277A /* Pedal.swift in Sources */ = {isa = PBXBuildFile; fileRef = 56827F4D2A959DBB0043277A /* Pedal.swift */; };
/* End PBXBuildFile section */

/* Begin PBXContainerItemProxy section */
		56827F332A95869D0043277A /* PBXContainerItemProxy */ = {
			isa = PBXContainerItemProxy;
			containerPortal = 56156D412A9581C7000DF906 /* Project object */;
			proxyType = 1;
			remoteGlobalIDString = 56827F272A95869D0043277A;
			remoteInfo = PedalCore;
		};
		56827F352A95869D0043277A /* PBXContainerItemProxy */ = {
			isa = PBXContainerItemProxy;
			containerPortal = 56156D412A9581C7000DF906 /* Project object */;
			proxyType = 1;
			remoteGlobalIDString = 56156D482A9581C7000DF906;
			remoteInfo = PedalBoard;
		};
		56827F3B2A95869D0043277A /* PBXContainerItemProxy */ = {
			isa = PBXContainerItemProxy;
			containerPortal = 56156D412A9581C7000DF906 /* Project object */;
			proxyType = 1;
			remoteGlobalIDString = 56827F272A95869D0043277A;
			remoteInfo = PedalCore;
		};
/* End PBXContainerItemProxy section */

/* Begin PBXCopyFilesBuildPhase section */
		56827F1C2A9586390043277A /* Embed Frameworks */ = {
			isa = PBXCopyFilesBuildPhase;
			buildActionMask = 2147483647;
			dstPath = "";
			dstSubfolderSpec = 10;
			files = (
				56827F3E2A95869D0043277A /* PedalCore.framework in Embed Frameworks */,
			);
			name = "Embed Frameworks";
			runOnlyForDeploymentPostprocessing = 0;
		};
/* End PBXCopyFilesBuildPhase section */

/* Begin PBXFileReference section */
		0C0A07C32B03AD890036B04E /* HomeViewModelsTests.swift */ = {isa = PBXFileReference; lastKnownFileType = sourcecode.swift; path = HomeViewModelsTests.swift; sourceTree = "<group>"; };
		0C12A41B2B05463F005D8F3D /* SongsView.swift */ = {isa = PBXFileReference; lastKnownFileType = sourcecode.swift; path = SongsView.swift; sourceTree = "<group>"; };
		0C12A41D2B05464E005D8F3D /* SongsViewModel.swift */ = {isa = PBXFileReference; lastKnownFileType = sourcecode.swift; path = SongsViewModel.swift; sourceTree = "<group>"; };
		0C12A41F2B0547D1005D8F3D /* Song.swift */ = {isa = PBXFileReference; lastKnownFileType = sourcecode.swift; path = Song.swift; sourceTree = "<group>"; };
		0C12A4222B05494A005D8F3D /* SelectPedalView.swift */ = {isa = PBXFileReference; lastKnownFileType = sourcecode.swift; path = SelectPedalView.swift; sourceTree = "<group>"; };
		0C12A4242B054ABD005D8F3D /* CreateSongView.swift */ = {isa = PBXFileReference; lastKnownFileType = sourcecode.swift; path = CreateSongView.swift; sourceTree = "<group>"; };
		0C12A4262B05522A005D8F3D /* Song+Populate.swift */ = {isa = PBXFileReference; lastKnownFileType = sourcecode.swift; path = "Song+Populate.swift"; sourceTree = "<group>"; };
		0C12A4292B056B12005D8F3D /* SongRow.swift */ = {isa = PBXFileReference; lastKnownFileType = sourcecode.swift; path = SongRow.swift; sourceTree = "<group>"; };
		0C12A42B2B056D9B005D8F3D /* AddSongDelegate.swift */ = {isa = PBXFileReference; lastKnownFileType = sourcecode.swift; path = AddSongDelegate.swift; sourceTree = "<group>"; };
		0C12A42D2B056DF3005D8F3D /* AddSongError.swift */ = {isa = PBXFileReference; lastKnownFileType = sourcecode.swift; path = AddSongError.swift; sourceTree = "<group>"; };
		0C12A42F2B059A19005D8F3D /* CreateSongViewModel.swift */ = {isa = PBXFileReference; lastKnownFileType = sourcecode.swift; path = CreateSongViewModel.swift; sourceTree = "<group>"; };
		0C12A4312B05A101005D8F3D /* SongDetailView.swift */ = {isa = PBXFileReference; lastKnownFileType = sourcecode.swift; path = SongDetailView.swift; sourceTree = "<group>"; };
		0C28FF302AE05B3A00994E12 /* Pedal+Populate.swift */ = {isa = PBXFileReference; lastKnownFileType = sourcecode.swift; path = "Pedal+Populate.swift"; sourceTree = "<group>"; };
		0C28FF322AE05D8500994E12 /* CreatePedalViewModel.swift */ = {isa = PBXFileReference; lastKnownFileType = sourcecode.swift; path = CreatePedalViewModel.swift; sourceTree = "<group>"; };
		0C3293B52ACB5E2A00A9BC34 /* CreatePedalView.swift */ = {isa = PBXFileReference; lastKnownFileType = sourcecode.swift; path = CreatePedalView.swift; sourceTree = "<group>"; };
		0C3293B72ACB5F0F00A9BC34 /* Knob.swift */ = {isa = PBXFileReference; lastKnownFileType = sourcecode.swift; path = Knob.swift; sourceTree = "<group>"; };
		0C48B1702ACBB11A00E52627 /* CreatePedalDelegate.swift */ = {isa = PBXFileReference; lastKnownFileType = sourcecode.swift; path = CreatePedalDelegate.swift; sourceTree = "<group>"; };
		0C48B1732ACBB14400E52627 /* AddPedalError.swift */ = {isa = PBXFileReference; lastKnownFileType = sourcecode.swift; path = AddPedalError.swift; sourceTree = "<group>"; };
		0C48B1752ACBB27500E52627 /* PedalRow.swift */ = {isa = PBXFileReference; lastKnownFileType = sourcecode.swift; path = PedalRow.swift; sourceTree = "<group>"; };
		0C48B1772ACBB5FF00E52627 /* KnobView.swift */ = {isa = PBXFileReference; lastKnownFileType = sourcecode.swift; path = KnobView.swift; sourceTree = "<group>"; };
		0C9089FD2B03FD6400458814 /* CreatePedalViewModelTests.swift */ = {isa = PBXFileReference; lastKnownFileType = sourcecode.swift; path = CreatePedalViewModelTests.swift; sourceTree = "<group>"; };
		0C908A002B03FE6600458814 /* CreatePedalDelegateMock.swift */ = {isa = PBXFileReference; lastKnownFileType = sourcecode.swift; path = CreatePedalDelegateMock.swift; sourceTree = "<group>"; };
		0CACD5202B063B520084BCB2 /* SongsViewModelTests.swift */ = {isa = PBXFileReference; lastKnownFileType = sourcecode.swift; path = SongsViewModelTests.swift; sourceTree = "<group>"; };
		0CACD5222B064E140084BCB2 /* CreateSongViewModelTests.swift */ = {isa = PBXFileReference; lastKnownFileType = sourcecode.swift; path = CreateSongViewModelTests.swift; sourceTree = "<group>"; };
		0CACD5242B064ECB0084BCB2 /* AddsongDelegateMock.swift */ = {isa = PBXFileReference; lastKnownFileType = sourcecode.swift; path = AddsongDelegateMock.swift; sourceTree = "<group>"; };
		56156D492A9581C7000DF906 /* PedalBoard.app */ = {isa = PBXFileReference; explicitFileType = wrapper.application; includeInIndex = 0; path = PedalBoard.app; sourceTree = BUILT_PRODUCTS_DIR; };
		56156D4C2A9581C7000DF906 /* PedalBoardApp.swift */ = {isa = PBXFileReference; lastKnownFileType = sourcecode.swift; path = PedalBoardApp.swift; sourceTree = "<group>"; };
		56156D502A9581CB000DF906 /* Assets.xcassets */ = {isa = PBXFileReference; lastKnownFileType = folder.assetcatalog; path = Assets.xcassets; sourceTree = "<group>"; };
		56156D532A9581CB000DF906 /* Preview Assets.xcassets */ = {isa = PBXFileReference; lastKnownFileType = folder.assetcatalog; path = "Preview Assets.xcassets"; sourceTree = "<group>"; };
		56827F282A95869D0043277A /* PedalCore.framework */ = {isa = PBXFileReference; explicitFileType = wrapper.framework; includeInIndex = 0; path = PedalCore.framework; sourceTree = BUILT_PRODUCTS_DIR; };
		56827F2A2A95869D0043277A /* PedalCore.h */ = {isa = PBXFileReference; lastKnownFileType = sourcecode.c.h; path = PedalCore.h; sourceTree = "<group>"; };
		56827F2B2A95869D0043277A /* PedalCore.docc */ = {isa = PBXFileReference; lastKnownFileType = folder.documentationcatalog; path = PedalCore.docc; sourceTree = "<group>"; };
		56827F312A95869D0043277A /* PedalCoreTests.xctest */ = {isa = PBXFileReference; explicitFileType = wrapper.cfbundle; includeInIndex = 0; path = PedalCoreTests.xctest; sourceTree = BUILT_PRODUCTS_DIR; };
		56827F382A95869D0043277A /* PedalCoreTests.swift */ = {isa = PBXFileReference; lastKnownFileType = sourcecode.swift; path = PedalCoreTests.swift; sourceTree = "<group>"; };
		56827F462A9588350043277A /* HomeView.swift */ = {isa = PBXFileReference; lastKnownFileType = sourcecode.swift; path = HomeView.swift; sourceTree = "<group>"; };
		56827F4A2A9597FA0043277A /* HomeViewModel.swift */ = {isa = PBXFileReference; lastKnownFileType = sourcecode.swift; path = HomeViewModel.swift; sourceTree = "<group>"; };
		56827F4D2A959DBB0043277A /* Pedal.swift */ = {isa = PBXFileReference; lastKnownFileType = sourcecode.swift; path = Pedal.swift; sourceTree = "<group>"; };
/* End PBXFileReference section */

/* Begin PBXFrameworksBuildPhase section */
		56156D462A9581C7000DF906 /* Frameworks */ = {
			isa = PBXFrameworksBuildPhase;
			buildActionMask = 2147483647;
			files = (
				56827F3D2A95869D0043277A /* PedalCore.framework in Frameworks */,
			);
			runOnlyForDeploymentPostprocessing = 0;
		};
		56827F252A95869D0043277A /* Frameworks */ = {
			isa = PBXFrameworksBuildPhase;
			buildActionMask = 2147483647;
			files = (
			);
			runOnlyForDeploymentPostprocessing = 0;
		};
		56827F2E2A95869D0043277A /* Frameworks */ = {
			isa = PBXFrameworksBuildPhase;
			buildActionMask = 2147483647;
			files = (
				56827F322A95869D0043277A /* PedalCore.framework in Frameworks */,
			);
			runOnlyForDeploymentPostprocessing = 0;
		};
/* End PBXFrameworksBuildPhase section */

/* Begin PBXGroup section */
		0C0A07C22B03AD760036B04E /* ViewModels */ = {
			isa = PBXGroup;
			children = (
				0C0A07C32B03AD890036B04E /* HomeViewModelsTests.swift */,
				0C9089FD2B03FD6400458814 /* CreatePedalViewModelTests.swift */,
				0CACD5202B063B520084BCB2 /* SongsViewModelTests.swift */,
				0CACD5222B064E140084BCB2 /* CreateSongViewModelTests.swift */,
			);
			path = ViewModels;
			sourceTree = "<group>";
		};
		0C12A4212B0548D5005D8F3D /* Songs */ = {
			isa = PBXGroup;
			children = (
				0C12A41B2B05463F005D8F3D /* SongsView.swift */,
				0C12A4312B05A101005D8F3D /* SongDetailView.swift */,
				0C12A4222B05494A005D8F3D /* SelectPedalView.swift */,
				0C12A4242B054ABD005D8F3D /* CreateSongView.swift */,
				0C12A4292B056B12005D8F3D /* SongRow.swift */,
			);
			path = Songs;
			sourceTree = "<group>";
		};
		0C12A4282B055293005D8F3D /* Song */ = {
			isa = PBXGroup;
			children = (
				0C12A4262B05522A005D8F3D /* Song+Populate.swift */,
				0C12A41F2B0547D1005D8F3D /* Song.swift */,
			);
			path = Song;
			sourceTree = "<group>";
		};
		0C28FF2F2AE05B1F00994E12 /* Pedal */ = {
			isa = PBXGroup;
			children = (
				0C3293B72ACB5F0F00A9BC34 /* Knob.swift */,
				56827F4D2A959DBB0043277A /* Pedal.swift */,
				0C28FF302AE05B3A00994E12 /* Pedal+Populate.swift */,
			);
			path = Pedal;
			sourceTree = "<group>";
		};
		0C48B16F2ACBB10A00E52627 /* Protocols */ = {
			isa = PBXGroup;
			children = (
				0C12A42B2B056D9B005D8F3D /* AddSongDelegate.swift */,
				0C48B1702ACBB11A00E52627 /* CreatePedalDelegate.swift */,
			);
			path = Protocols;
			sourceTree = "<group>";
		};
		0C48B1722ACBB13200E52627 /* Enums */ = {
			isa = PBXGroup;
			children = (
				0C48B1732ACBB14400E52627 /* AddPedalError.swift */,
				0C12A42D2B056DF3005D8F3D /* AddSongError.swift */,
			);
			path = Enums;
			sourceTree = "<group>";
		};
		0C9089FF2B03FE4A00458814 /* Mock */ = {
			isa = PBXGroup;
			children = (
				0C908A002B03FE6600458814 /* CreatePedalDelegateMock.swift */,
				0CACD5242B064ECB0084BCB2 /* AddsongDelegateMock.swift */,
			);
			path = Mock;
			sourceTree = "<group>";
		};
		56156D402A9581C7000DF906 = {
			isa = PBXGroup;
			children = (
				56156D4B2A9581C7000DF906 /* PedalBoard */,
				56827F292A95869D0043277A /* PedalCore */,
				56827F372A95869D0043277A /* PedalCoreTests */,
				56156D4A2A9581C7000DF906 /* Products */,
			);
			sourceTree = "<group>";
		};
		56156D4A2A9581C7000DF906 /* Products */ = {
			isa = PBXGroup;
			children = (
				56156D492A9581C7000DF906 /* PedalBoard.app */,
				56827F282A95869D0043277A /* PedalCore.framework */,
				56827F312A95869D0043277A /* PedalCoreTests.xctest */,
			);
			name = Products;
			sourceTree = "<group>";
		};
		56156D4B2A9581C7000DF906 /* PedalBoard */ = {
			isa = PBXGroup;
			children = (
				56156D4C2A9581C7000DF906 /* PedalBoardApp.swift */,
				56156D502A9581CB000DF906 /* Assets.xcassets */,
				56156D522A9581CB000DF906 /* Preview Content */,
			);
			path = PedalBoard;
			sourceTree = "<group>";
		};
		56156D522A9581CB000DF906 /* Preview Content */ = {
			isa = PBXGroup;
			children = (
				56156D532A9581CB000DF906 /* Preview Assets.xcassets */,
			);
			path = "Preview Content";
			sourceTree = "<group>";
		};
		56827F292A95869D0043277A /* PedalCore */ = {
			isa = PBXGroup;
			children = (
				0C48B1722ACBB13200E52627 /* Enums */,
				0C48B16F2ACBB10A00E52627 /* Protocols */,
				56827F4C2A959D8C0043277A /* Models */,
				56827F492A95977D0043277A /* ViewModels */,
				56827F482A95976D0043277A /* Views */,
				56827F2A2A95869D0043277A /* PedalCore.h */,
				56827F2B2A95869D0043277A /* PedalCore.docc */,
			);
			path = PedalCore;
			sourceTree = "<group>";
		};
		56827F372A95869D0043277A /* PedalCoreTests */ = {
			isa = PBXGroup;
			children = (
				56827F382A95869D0043277A /* PedalCoreTests.swift */,
				0C9089FF2B03FE4A00458814 /* Mock */,
				0C0A07C22B03AD760036B04E /* ViewModels */,
			);
			path = PedalCoreTests;
			sourceTree = "<group>";
		};
		56827F482A95976D0043277A /* Views */ = {
			isa = PBXGroup;
			children = (
				56827F462A9588350043277A /* HomeView.swift */,
				0C48B1752ACBB27500E52627 /* PedalRow.swift */,
				0C48B1772ACBB5FF00E52627 /* KnobView.swift */,
				0C3293B52ACB5E2A00A9BC34 /* CreatePedalView.swift */,
				0C12A4212B0548D5005D8F3D /* Songs */,
			);
			path = Views;
			sourceTree = "<group>";
		};
		56827F492A95977D0043277A /* ViewModels */ = {
			isa = PBXGroup;
			children = (
				56827F4A2A9597FA0043277A /* HomeViewModel.swift */,
				0C28FF322AE05D8500994E12 /* CreatePedalViewModel.swift */,
				0C12A41D2B05464E005D8F3D /* SongsViewModel.swift */,
				0C12A42F2B059A19005D8F3D /* CreateSongViewModel.swift */,
			);
			path = ViewModels;
			sourceTree = "<group>";
		};
		56827F4C2A959D8C0043277A /* Models */ = {
			isa = PBXGroup;
			children = (
				0C28FF2F2AE05B1F00994E12 /* Pedal */,
				0C12A4282B055293005D8F3D /* Song */,
			);
			path = Models;
			sourceTree = "<group>";
		};
/* End PBXGroup section */

/* Begin PBXHeadersBuildPhase section */
		56827F232A95869D0043277A /* Headers */ = {
			isa = PBXHeadersBuildPhase;
			buildActionMask = 2147483647;
			files = (
				56827F3A2A95869D0043277A /* PedalCore.h in Headers */,
			);
			runOnlyForDeploymentPostprocessing = 0;
		};
/* End PBXHeadersBuildPhase section */

/* Begin PBXNativeTarget section */
		56156D482A9581C7000DF906 /* PedalBoard */ = {
			isa = PBXNativeTarget;
			buildConfigurationList = 56156D572A9581CB000DF906 /* Build configuration list for PBXNativeTarget "PedalBoard" */;
			buildPhases = (
				56156D452A9581C7000DF906 /* Sources */,
				56156D462A9581C7000DF906 /* Frameworks */,
				56156D472A9581C7000DF906 /* Resources */,
				56827F1C2A9586390043277A /* Embed Frameworks */,
			);
			buildRules = (
			);
			dependencies = (
				56827F3C2A95869D0043277A /* PBXTargetDependency */,
			);
			name = PedalBoard;
			productName = PedalBoard;
			productReference = 56156D492A9581C7000DF906 /* PedalBoard.app */;
			productType = "com.apple.product-type.application";
		};
		56827F272A95869D0043277A /* PedalCore */ = {
			isa = PBXNativeTarget;
			buildConfigurationList = 56827F3F2A95869D0043277A /* Build configuration list for PBXNativeTarget "PedalCore" */;
			buildPhases = (
				56827F232A95869D0043277A /* Headers */,
				56827F242A95869D0043277A /* Sources */,
				56827F252A95869D0043277A /* Frameworks */,
				56827F262A95869D0043277A /* Resources */,
			);
			buildRules = (
			);
			dependencies = (
			);
			name = PedalCore;
			productName = PedalCore;
			productReference = 56827F282A95869D0043277A /* PedalCore.framework */;
			productType = "com.apple.product-type.framework";
		};
		56827F302A95869D0043277A /* PedalCoreTests */ = {
			isa = PBXNativeTarget;
			buildConfigurationList = 56827F422A95869D0043277A /* Build configuration list for PBXNativeTarget "PedalCoreTests" */;
			buildPhases = (
				56827F2D2A95869D0043277A /* Sources */,
				56827F2E2A95869D0043277A /* Frameworks */,
				56827F2F2A95869D0043277A /* Resources */,
			);
			buildRules = (
			);
			dependencies = (
				56827F342A95869D0043277A /* PBXTargetDependency */,
				56827F362A95869D0043277A /* PBXTargetDependency */,
			);
			name = PedalCoreTests;
			productName = PedalCoreTests;
			productReference = 56827F312A95869D0043277A /* PedalCoreTests.xctest */;
			productType = "com.apple.product-type.bundle.unit-test";
		};
/* End PBXNativeTarget section */

/* Begin PBXProject section */
		56156D412A9581C7000DF906 /* Project object */ = {
			isa = PBXProject;
			attributes = {
				BuildIndependentTargetsInParallel = 1;
				LastSwiftUpdateCheck = 1320;
				LastUpgradeCheck = 1320;
				TargetAttributes = {
					56156D482A9581C7000DF906 = {
						CreatedOnToolsVersion = 13.2.1;
					};
					56827F272A95869D0043277A = {
						CreatedOnToolsVersion = 13.2.1;
					};
					56827F302A95869D0043277A = {
						CreatedOnToolsVersion = 13.2.1;
						TestTargetID = 56156D482A9581C7000DF906;
					};
				};
			};
			buildConfigurationList = 56156D442A9581C7000DF906 /* Build configuration list for PBXProject "PedalBoard" */;
			compatibilityVersion = "Xcode 13.0";
			developmentRegion = en;
			hasScannedForEncodings = 0;
			knownRegions = (
				en,
				Base,
			);
			mainGroup = 56156D402A9581C7000DF906;
			productRefGroup = 56156D4A2A9581C7000DF906 /* Products */;
			projectDirPath = "";
			projectRoot = "";
			targets = (
				56156D482A9581C7000DF906 /* PedalBoard */,
				56827F272A95869D0043277A /* PedalCore */,
				56827F302A95869D0043277A /* PedalCoreTests */,
			);
		};
/* End PBXProject section */

/* Begin PBXResourcesBuildPhase section */
		56156D472A9581C7000DF906 /* Resources */ = {
			isa = PBXResourcesBuildPhase;
			buildActionMask = 2147483647;
			files = (
				56156D542A9581CB000DF906 /* Preview Assets.xcassets in Resources */,
				56156D512A9581CB000DF906 /* Assets.xcassets in Resources */,
			);
			runOnlyForDeploymentPostprocessing = 0;
		};
		56827F262A95869D0043277A /* Resources */ = {
			isa = PBXResourcesBuildPhase;
			buildActionMask = 2147483647;
			files = (
			);
			runOnlyForDeploymentPostprocessing = 0;
		};
		56827F2F2A95869D0043277A /* Resources */ = {
			isa = PBXResourcesBuildPhase;
			buildActionMask = 2147483647;
			files = (
			);
			runOnlyForDeploymentPostprocessing = 0;
		};
/* End PBXResourcesBuildPhase section */

/* Begin PBXSourcesBuildPhase section */
		56156D452A9581C7000DF906 /* Sources */ = {
			isa = PBXSourcesBuildPhase;
			buildActionMask = 2147483647;
			files = (
				56156D4D2A9581C7000DF906 /* PedalBoardApp.swift in Sources */,
			);
			runOnlyForDeploymentPostprocessing = 0;
		};
		56827F242A95869D0043277A /* Sources */ = {
			isa = PBXSourcesBuildPhase;
			buildActionMask = 2147483647;
			files = (
				56827F4E2A959DBB0043277A /* Pedal.swift in Sources */,
				0C12A4232B05494A005D8F3D /* SelectPedalView.swift in Sources */,
				0C3293B92ACB607100A9BC34 /* CreatePedalView.swift in Sources */,
				0C48B1712ACBB11A00E52627 /* CreatePedalDelegate.swift in Sources */,
				56827F472A9588350043277A /* HomeView.swift in Sources */,
				0C3293B82ACB5F0F00A9BC34 /* Knob.swift in Sources */,
				56827F4B2A9597FA0043277A /* HomeViewModel.swift in Sources */,
				0C12A4302B059A19005D8F3D /* CreateSongViewModel.swift in Sources */,
				0C12A4322B05A101005D8F3D /* SongDetailView.swift in Sources */,
				0C28FF312AE05B3A00994E12 /* Pedal+Populate.swift in Sources */,
				0C12A4252B054ABD005D8F3D /* CreateSongView.swift in Sources */,
				0C48B1782ACBB5FF00E52627 /* KnobView.swift in Sources */,
				0C48B1762ACBB27500E52627 /* PedalRow.swift in Sources */,
				0C12A42C2B056D9B005D8F3D /* AddSongDelegate.swift in Sources */,
				0C12A4202B0547D1005D8F3D /* Song.swift in Sources */,
				0C12A41E2B05464E005D8F3D /* SongsViewModel.swift in Sources */,
				0C12A41C2B05463F005D8F3D /* SongsView.swift in Sources */,
				0C12A4272B05522A005D8F3D /* Song+Populate.swift in Sources */,
				0C12A42A2B056B12005D8F3D /* SongRow.swift in Sources */,
				0C12A42E2B056DF3005D8F3D /* AddSongError.swift in Sources */,
				56827F2C2A95869D0043277A /* PedalCore.docc in Sources */,
				0C48B1742ACBB14400E52627 /* AddPedalError.swift in Sources */,
				0C28FF332AE05D8500994E12 /* CreatePedalViewModel.swift in Sources */,
			);
			runOnlyForDeploymentPostprocessing = 0;
		};
		56827F2D2A95869D0043277A /* Sources */ = {
			isa = PBXSourcesBuildPhase;
			buildActionMask = 2147483647;
			files = (
				0C9089FE2B03FD6400458814 /* CreatePedalViewModelTests.swift in Sources */,
				0CACD5212B063B520084BCB2 /* SongsViewModelTests.swift in Sources */,
				56827F392A95869D0043277A /* PedalCoreTests.swift in Sources */,
				0CACD5232B064E140084BCB2 /* CreateSongViewModelTests.swift in Sources */,
				0CACD5252B064ECB0084BCB2 /* AddsongDelegateMock.swift in Sources */,
				0C0A07C42B03AD890036B04E /* HomeViewModelsTests.swift in Sources */,
				0C908A012B03FE6600458814 /* CreatePedalDelegateMock.swift in Sources */,
			);
			runOnlyForDeploymentPostprocessing = 0;
		};
/* End PBXSourcesBuildPhase section */

/* Begin PBXTargetDependency section */
		56827F342A95869D0043277A /* PBXTargetDependency */ = {
			isa = PBXTargetDependency;
			target = 56827F272A95869D0043277A /* PedalCore */;
			targetProxy = 56827F332A95869D0043277A /* PBXContainerItemProxy */;
		};
		56827F362A95869D0043277A /* PBXTargetDependency */ = {
			isa = PBXTargetDependency;
			target = 56156D482A9581C7000DF906 /* PedalBoard */;
			targetProxy = 56827F352A95869D0043277A /* PBXContainerItemProxy */;
		};
		56827F3C2A95869D0043277A /* PBXTargetDependency */ = {
			isa = PBXTargetDependency;
			target = 56827F272A95869D0043277A /* PedalCore */;
			targetProxy = 56827F3B2A95869D0043277A /* PBXContainerItemProxy */;
		};
/* End PBXTargetDependency section */

/* Begin XCBuildConfiguration section */
		56156D552A9581CB000DF906 /* Debug */ = {
			isa = XCBuildConfiguration;
			buildSettings = {
				ALWAYS_SEARCH_USER_PATHS = NO;
				CLANG_ANALYZER_NONNULL = YES;
				CLANG_ANALYZER_NUMBER_OBJECT_CONVERSION = YES_AGGRESSIVE;
				CLANG_CXX_LANGUAGE_STANDARD = "gnu++17";
				CLANG_CXX_LIBRARY = "libc++";
				CLANG_ENABLE_MODULES = YES;
				CLANG_ENABLE_OBJC_ARC = YES;
				CLANG_ENABLE_OBJC_WEAK = YES;
				CLANG_WARN_BLOCK_CAPTURE_AUTORELEASING = YES;
				CLANG_WARN_BOOL_CONVERSION = YES;
				CLANG_WARN_COMMA = YES;
				CLANG_WARN_CONSTANT_CONVERSION = YES;
				CLANG_WARN_DEPRECATED_OBJC_IMPLEMENTATIONS = YES;
				CLANG_WARN_DIRECT_OBJC_ISA_USAGE = YES_ERROR;
				CLANG_WARN_DOCUMENTATION_COMMENTS = YES;
				CLANG_WARN_EMPTY_BODY = YES;
				CLANG_WARN_ENUM_CONVERSION = YES;
				CLANG_WARN_INFINITE_RECURSION = YES;
				CLANG_WARN_INT_CONVERSION = YES;
				CLANG_WARN_NON_LITERAL_NULL_CONVERSION = YES;
				CLANG_WARN_OBJC_IMPLICIT_RETAIN_SELF = YES;
				CLANG_WARN_OBJC_LITERAL_CONVERSION = YES;
				CLANG_WARN_OBJC_ROOT_CLASS = YES_ERROR;
				CLANG_WARN_QUOTED_INCLUDE_IN_FRAMEWORK_HEADER = YES;
				CLANG_WARN_RANGE_LOOP_ANALYSIS = YES;
				CLANG_WARN_STRICT_PROTOTYPES = YES;
				CLANG_WARN_SUSPICIOUS_MOVE = YES;
				CLANG_WARN_UNGUARDED_AVAILABILITY = YES_AGGRESSIVE;
				CLANG_WARN_UNREACHABLE_CODE = YES;
				CLANG_WARN__DUPLICATE_METHOD_MATCH = YES;
				COPY_PHASE_STRIP = NO;
				DEBUG_INFORMATION_FORMAT = dwarf;
				ENABLE_STRICT_OBJC_MSGSEND = YES;
				ENABLE_TESTABILITY = YES;
				GCC_C_LANGUAGE_STANDARD = gnu11;
				GCC_DYNAMIC_NO_PIC = NO;
				GCC_NO_COMMON_BLOCKS = YES;
				GCC_OPTIMIZATION_LEVEL = 0;
				GCC_PREPROCESSOR_DEFINITIONS = (
					"DEBUG=1",
					"$(inherited)",
				);
				GCC_WARN_64_TO_32_BIT_CONVERSION = YES;
				GCC_WARN_ABOUT_RETURN_TYPE = YES_ERROR;
				GCC_WARN_UNDECLARED_SELECTOR = YES;
				GCC_WARN_UNINITIALIZED_AUTOS = YES_AGGRESSIVE;
				GCC_WARN_UNUSED_FUNCTION = YES;
				GCC_WARN_UNUSED_VARIABLE = YES;
				IPHONEOS_DEPLOYMENT_TARGET = 15.2;
				MTL_ENABLE_DEBUG_INFO = INCLUDE_SOURCE;
				MTL_FAST_MATH = YES;
				ONLY_ACTIVE_ARCH = YES;
				SDKROOT = iphoneos;
				SWIFT_ACTIVE_COMPILATION_CONDITIONS = DEBUG;
				SWIFT_OPTIMIZATION_LEVEL = "-Onone";
			};
			name = Debug;
		};
		56156D562A9581CB000DF906 /* Release */ = {
			isa = XCBuildConfiguration;
			buildSettings = {
				ALWAYS_SEARCH_USER_PATHS = NO;
				CLANG_ANALYZER_NONNULL = YES;
				CLANG_ANALYZER_NUMBER_OBJECT_CONVERSION = YES_AGGRESSIVE;
				CLANG_CXX_LANGUAGE_STANDARD = "gnu++17";
				CLANG_CXX_LIBRARY = "libc++";
				CLANG_ENABLE_MODULES = YES;
				CLANG_ENABLE_OBJC_ARC = YES;
				CLANG_ENABLE_OBJC_WEAK = YES;
				CLANG_WARN_BLOCK_CAPTURE_AUTORELEASING = YES;
				CLANG_WARN_BOOL_CONVERSION = YES;
				CLANG_WARN_COMMA = YES;
				CLANG_WARN_CONSTANT_CONVERSION = YES;
				CLANG_WARN_DEPRECATED_OBJC_IMPLEMENTATIONS = YES;
				CLANG_WARN_DIRECT_OBJC_ISA_USAGE = YES_ERROR;
				CLANG_WARN_DOCUMENTATION_COMMENTS = YES;
				CLANG_WARN_EMPTY_BODY = YES;
				CLANG_WARN_ENUM_CONVERSION = YES;
				CLANG_WARN_INFINITE_RECURSION = YES;
				CLANG_WARN_INT_CONVERSION = YES;
				CLANG_WARN_NON_LITERAL_NULL_CONVERSION = YES;
				CLANG_WARN_OBJC_IMPLICIT_RETAIN_SELF = YES;
				CLANG_WARN_OBJC_LITERAL_CONVERSION = YES;
				CLANG_WARN_OBJC_ROOT_CLASS = YES_ERROR;
				CLANG_WARN_QUOTED_INCLUDE_IN_FRAMEWORK_HEADER = YES;
				CLANG_WARN_RANGE_LOOP_ANALYSIS = YES;
				CLANG_WARN_STRICT_PROTOTYPES = YES;
				CLANG_WARN_SUSPICIOUS_MOVE = YES;
				CLANG_WARN_UNGUARDED_AVAILABILITY = YES_AGGRESSIVE;
				CLANG_WARN_UNREACHABLE_CODE = YES;
				CLANG_WARN__DUPLICATE_METHOD_MATCH = YES;
				COPY_PHASE_STRIP = NO;
				DEBUG_INFORMATION_FORMAT = "dwarf-with-dsym";
				ENABLE_NS_ASSERTIONS = NO;
				ENABLE_STRICT_OBJC_MSGSEND = YES;
				GCC_C_LANGUAGE_STANDARD = gnu11;
				GCC_NO_COMMON_BLOCKS = YES;
				GCC_WARN_64_TO_32_BIT_CONVERSION = YES;
				GCC_WARN_ABOUT_RETURN_TYPE = YES_ERROR;
				GCC_WARN_UNDECLARED_SELECTOR = YES;
				GCC_WARN_UNINITIALIZED_AUTOS = YES_AGGRESSIVE;
				GCC_WARN_UNUSED_FUNCTION = YES;
				GCC_WARN_UNUSED_VARIABLE = YES;
				IPHONEOS_DEPLOYMENT_TARGET = 15.2;
				MTL_ENABLE_DEBUG_INFO = NO;
				MTL_FAST_MATH = YES;
				SDKROOT = iphoneos;
				SWIFT_COMPILATION_MODE = wholemodule;
				SWIFT_OPTIMIZATION_LEVEL = "-O";
				VALIDATE_PRODUCT = YES;
			};
			name = Release;
		};
		56156D582A9581CB000DF906 /* Debug */ = {
			isa = XCBuildConfiguration;
			buildSettings = {
				ALWAYS_EMBED_SWIFT_STANDARD_LIBRARIES = YES;
				ASSETCATALOG_COMPILER_APPICON_NAME = AppIcon;
				ASSETCATALOG_COMPILER_GLOBAL_ACCENT_COLOR_NAME = AccentColor;
				CODE_SIGN_STYLE = Automatic;
				CURRENT_PROJECT_VERSION = 1;
				DEVELOPMENT_ASSET_PATHS = "\"PedalBoard/Preview Content\"";
				DEVELOPMENT_TEAM = 749Q737TF5;
				ENABLE_PREVIEWS = YES;
				GENERATE_INFOPLIST_FILE = YES;
				INFOPLIST_KEY_UIApplicationSceneManifest_Generation = YES;
				INFOPLIST_KEY_UIApplicationSupportsIndirectInputEvents = YES;
				INFOPLIST_KEY_UILaunchScreen_Generation = YES;
				INFOPLIST_KEY_UISupportedInterfaceOrientations_iPad = "UIInterfaceOrientationPortrait UIInterfaceOrientationPortraitUpsideDown UIInterfaceOrientationLandscapeLeft UIInterfaceOrientationLandscapeRight";
				INFOPLIST_KEY_UISupportedInterfaceOrientations_iPhone = "UIInterfaceOrientationPortrait UIInterfaceOrientationLandscapeLeft UIInterfaceOrientationLandscapeRight";
				LD_RUNPATH_SEARCH_PATHS = (
					"$(inherited)",
					"@executable_path/Frameworks",
				);
				MARKETING_VERSION = 1.0;
				PRODUCT_BUNDLE_IDENTIFIER = com.pb.PedalBoard;
				PRODUCT_NAME = "$(TARGET_NAME)";
				SWIFT_EMIT_LOC_STRINGS = YES;
				SWIFT_VERSION = 5.0;
				TARGETED_DEVICE_FAMILY = "1,2";
			};
			name = Debug;
		};
		56156D592A9581CB000DF906 /* Release */ = {
			isa = XCBuildConfiguration;
			buildSettings = {
				ALWAYS_EMBED_SWIFT_STANDARD_LIBRARIES = YES;
				ASSETCATALOG_COMPILER_APPICON_NAME = AppIcon;
				ASSETCATALOG_COMPILER_GLOBAL_ACCENT_COLOR_NAME = AccentColor;
				CODE_SIGN_STYLE = Automatic;
				CURRENT_PROJECT_VERSION = 1;
				DEVELOPMENT_ASSET_PATHS = "\"PedalBoard/Preview Content\"";
				DEVELOPMENT_TEAM = 749Q737TF5;
				ENABLE_PREVIEWS = YES;
				GENERATE_INFOPLIST_FILE = YES;
				INFOPLIST_KEY_UIApplicationSceneManifest_Generation = YES;
				INFOPLIST_KEY_UIApplicationSupportsIndirectInputEvents = YES;
				INFOPLIST_KEY_UILaunchScreen_Generation = YES;
				INFOPLIST_KEY_UISupportedInterfaceOrientations_iPad = "UIInterfaceOrientationPortrait UIInterfaceOrientationPortraitUpsideDown UIInterfaceOrientationLandscapeLeft UIInterfaceOrientationLandscapeRight";
				INFOPLIST_KEY_UISupportedInterfaceOrientations_iPhone = "UIInterfaceOrientationPortrait UIInterfaceOrientationLandscapeLeft UIInterfaceOrientationLandscapeRight";
				LD_RUNPATH_SEARCH_PATHS = (
					"$(inherited)",
					"@executable_path/Frameworks",
				);
				MARKETING_VERSION = 1.0;
				PRODUCT_BUNDLE_IDENTIFIER = com.pb.PedalBoard;
				PRODUCT_NAME = "$(TARGET_NAME)";
				SWIFT_EMIT_LOC_STRINGS = YES;
				SWIFT_VERSION = 5.0;
				TARGETED_DEVICE_FAMILY = "1,2";
			};
			name = Release;
		};
		56827F402A95869D0043277A /* Debug */ = {
			isa = XCBuildConfiguration;
			buildSettings = {
				CODE_SIGN_STYLE = Automatic;
				CURRENT_PROJECT_VERSION = 1;
				DEFINES_MODULE = YES;
				DYLIB_COMPATIBILITY_VERSION = 1;
				DYLIB_CURRENT_VERSION = 1;
				DYLIB_INSTALL_NAME_BASE = "@rpath";
				GENERATE_INFOPLIST_FILE = YES;
				INFOPLIST_KEY_NSHumanReadableCopyright = "";
				INSTALL_PATH = "$(LOCAL_LIBRARY_DIR)/Frameworks";
				LD_RUNPATH_SEARCH_PATHS = (
					"$(inherited)",
					"@executable_path/Frameworks",
					"@loader_path/Frameworks",
				);
				MARKETING_VERSION = 1.0;
				PRODUCT_BUNDLE_IDENTIFIER = com.pb.PedalCore;
				PRODUCT_NAME = "$(TARGET_NAME:c99extidentifier)";
				SKIP_INSTALL = YES;
				SWIFT_EMIT_LOC_STRINGS = YES;
				SWIFT_VERSION = 5.0;
				TARGETED_DEVICE_FAMILY = "1,2";
				VERSIONING_SYSTEM = "apple-generic";
				VERSION_INFO_PREFIX = "";
			};
			name = Debug;
		};
		56827F412A95869D0043277A /* Release */ = {
			isa = XCBuildConfiguration;
			buildSettings = {
				CODE_SIGN_STYLE = Automatic;
				CURRENT_PROJECT_VERSION = 1;
				DEFINES_MODULE = YES;
				DYLIB_COMPATIBILITY_VERSION = 1;
				DYLIB_CURRENT_VERSION = 1;
				DYLIB_INSTALL_NAME_BASE = "@rpath";
				GENERATE_INFOPLIST_FILE = YES;
				INFOPLIST_KEY_NSHumanReadableCopyright = "";
				INSTALL_PATH = "$(LOCAL_LIBRARY_DIR)/Frameworks";
				LD_RUNPATH_SEARCH_PATHS = (
					"$(inherited)",
					"@executable_path/Frameworks",
					"@loader_path/Frameworks",
				);
				MARKETING_VERSION = 1.0;
				PRODUCT_BUNDLE_IDENTIFIER = com.pb.PedalCore;
				PRODUCT_NAME = "$(TARGET_NAME:c99extidentifier)";
				SKIP_INSTALL = YES;
				SWIFT_EMIT_LOC_STRINGS = YES;
				SWIFT_VERSION = 5.0;
				TARGETED_DEVICE_FAMILY = "1,2";
				VERSIONING_SYSTEM = "apple-generic";
				VERSION_INFO_PREFIX = "";
			};
			name = Release;
		};
		56827F432A95869D0043277A /* Debug */ = {
			isa = XCBuildConfiguration;
			buildSettings = {
				ALWAYS_EMBED_SWIFT_STANDARD_LIBRARIES = YES;
				CODE_SIGN_STYLE = Automatic;
				CURRENT_PROJECT_VERSION = 1;
				GENERATE_INFOPLIST_FILE = YES;
				MARKETING_VERSION = 1.0;
				PRODUCT_BUNDLE_IDENTIFIER = com.pb.PedalCoreTests;
				PRODUCT_NAME = "$(TARGET_NAME)";
				SWIFT_EMIT_LOC_STRINGS = NO;
				SWIFT_VERSION = 5.0;
				TARGETED_DEVICE_FAMILY = "1,2";
				TEST_HOST = "$(BUILT_PRODUCTS_DIR)/PedalBoard.app/PedalBoard";
			};
			name = Debug;
		};
		56827F442A95869D0043277A /* Release */ = {
			isa = XCBuildConfiguration;
			buildSettings = {
				ALWAYS_EMBED_SWIFT_STANDARD_LIBRARIES = YES;
				CODE_SIGN_STYLE = Automatic;
				CURRENT_PROJECT_VERSION = 1;
				GENERATE_INFOPLIST_FILE = YES;
				MARKETING_VERSION = 1.0;
				PRODUCT_BUNDLE_IDENTIFIER = com.pb.PedalCoreTests;
				PRODUCT_NAME = "$(TARGET_NAME)";
				SWIFT_EMIT_LOC_STRINGS = NO;
				SWIFT_VERSION = 5.0;
				TARGETED_DEVICE_FAMILY = "1,2";
				TEST_HOST = "$(BUILT_PRODUCTS_DIR)/PedalBoard.app/PedalBoard";
			};
			name = Release;
		};
/* End XCBuildConfiguration section */

/* Begin XCConfigurationList section */
		56156D442A9581C7000DF906 /* Build configuration list for PBXProject "PedalBoard" */ = {
			isa = XCConfigurationList;
			buildConfigurations = (
				56156D552A9581CB000DF906 /* Debug */,
				56156D562A9581CB000DF906 /* Release */,
			);
			defaultConfigurationIsVisible = 0;
			defaultConfigurationName = Release;
		};
		56156D572A9581CB000DF906 /* Build configuration list for PBXNativeTarget "PedalBoard" */ = {
			isa = XCConfigurationList;
			buildConfigurations = (
				56156D582A9581CB000DF906 /* Debug */,
				56156D592A9581CB000DF906 /* Release */,
			);
			defaultConfigurationIsVisible = 0;
			defaultConfigurationName = Release;
		};
		56827F3F2A95869D0043277A /* Build configuration list for PBXNativeTarget "PedalCore" */ = {
			isa = XCConfigurationList;
			buildConfigurations = (
				56827F402A95869D0043277A /* Debug */,
				56827F412A95869D0043277A /* Release */,
			);
			defaultConfigurationIsVisible = 0;
			defaultConfigurationName = Release;
		};
		56827F422A95869D0043277A /* Build configuration list for PBXNativeTarget "PedalCoreTests" */ = {
			isa = XCConfigurationList;
			buildConfigurations = (
				56827F432A95869D0043277A /* Debug */,
				56827F442A95869D0043277A /* Release */,
			);
			defaultConfigurationIsVisible = 0;
			defaultConfigurationName = Release;
		};
/* End XCConfigurationList section */
	};
	rootObject = 56156D412A9581C7000DF906 /* Project object */;
}
